
Microsoft Visual Studio Solution File, Format Version 12.00
# Visual Studio Version 17
VisualStudioVersion = 17.9.34728.123
MinimumVisualStudioVersion = 10.0.40219.1
Project("{8BC9CEB8-8B4A-11D0-8D11-00A0C91BC942}") = "AreaofShapes", "AreaofShapes.vcxproj", "{5D01C429-8895-4D1F-BD1B-7D0D16214225}"
EndProject
Global
	GlobalSection(SolutionConfigurationPlatforms) = preSolution
		Debug|x64 = Debug|x64
		Debug|x86 = Debug|x86
		Release|x64 = Release|x64
		Release|x86 = Release|x86
	EndGlobalSection
	GlobalSection(ProjectConfigurationPlatforms) = postSolution
		{5D01C429-8895-4D1F-BD1B-7D0D16214225}.Debug|x64.ActiveCfg = Debug|x64
		{5D01C429-8895-4D1F-BD1B-7D0D16214225}.Debug|x64.Build.0 = Debug|x64
		{5D01C429-8895-4D1F-BD1B-7D0D16214225}.Debug|x86.ActiveCfg = Debug|Win32
		{5D01C429-8895-4D1F-BD1B-7D0D16214225}.Debug|x86.Build.0 = Debug|Win32
		{5D01C429-8895-4D1F-BD1B-7D0D16214225}.Release|x64.ActiveCfg = Release|x64
		{5D01C429-8895-4D1F-BD1B-7D0D16214225}.Release|x64.Build.0 = Release|x64
		{5D01C429-8895-4D1F-BD1B-7D0D16214225}.Release|x86.ActiveCfg = Release|Win32
		{5D01C429-8895-4D1F-BD1B-7D0D16214225}.Release|x86.Build.0 = Release|Win32
	EndGlobalSection
	GlobalSection(SolutionProperties) = preSolution
		HideSolutionNode = FALSE
	EndGlobalSection
	GlobalSection(ExtensibilityGlobals) = postSolution
		SolutionGuid = {3C649DCB-BFEC-46D7-A79A-29ACAC67CE41}
	EndGlobalSection
EndGlobal
